// !$*UTF8*$!
{
	archiveVersion = 1;
	classes = {
	};
	objectVersion = 56;
	objects = {

/* Begin PBXBuildFile section */
		138EBAC82CAAE4AB00D1821F /* AppDelegate.swift in Sources */ = {isa = PBXBuildFile; fileRef = 138EBAC72CAAE4AB00D1821F /* AppDelegate.swift */; };
		138EBACA2CAAE4AB00D1821F /* SceneDelegate.swift in Sources */ = {isa = PBXBuildFile; fileRef = 138EBAC92CAAE4AB00D1821F /* SceneDelegate.swift */; };
		138EBACC2CAAE4AB00D1821F /* ViewController.swift in Sources */ = {isa = PBXBuildFile; fileRef = 138EBACB2CAAE4AB00D1821F /* ViewController.swift */; };
		138EBACF2CAAE4AB00D1821F /* Main.storyboard in Resources */ = {isa = PBXBuildFile; fileRef = 138EBACD2CAAE4AB00D1821F /* Main.storyboard */; };
		138EBAD12CAAE4AC00D1821F /* Assets.xcassets in Resources */ = {isa = PBXBuildFile; fileRef = 138EBAD02CAAE4AC00D1821F /* Assets.xcassets */; };
		138EBAD42CAAE4AC00D1821F /* LaunchScreen.storyboard in Resources */ = {isa = PBXBuildFile; fileRef = 138EBAD22CAAE4AC00D1821F /* LaunchScreen.storyboard */; };
		138EBADF2CAAE4AC00D1821F /* VideoEditTests.swift in Sources */ = {isa = PBXBuildFile; fileRef = 138EBADE2CAAE4AC00D1821F /* VideoEditTests.swift */; };
		138EBAE92CAAE4AC00D1821F /* VideoEditUITests.swift in Sources */ = {isa = PBXBuildFile; fileRef = 138EBAE82CAAE4AC00D1821F /* VideoEditUITests.swift */; };
		138EBAEB2CAAE4AC00D1821F /* VideoEditUITestsLaunchTests.swift in Sources */ = {isa = PBXBuildFile; fileRef = 138EBAEA2CAAE4AC00D1821F /* VideoEditUITestsLaunchTests.swift */; };
		138EBAFB2CAC042700D1821F /* VideoCell.swift in Sources */ = {isa = PBXBuildFile; fileRef = 138EBAFA2CAC042700D1821F /* VideoCell.swift */; };
/* End PBXBuildFile section */

/* Begin PBXContainerItemProxy section */
		138EBADB2CAAE4AC00D1821F /* PBXContainerItemProxy */ = {
			isa = PBXContainerItemProxy;
			containerPortal = 138EBABC2CAAE4AB00D1821F /* Project object */;
			proxyType = 1;
			remoteGlobalIDString = 138EBAC32CAAE4AB00D1821F;
			remoteInfo = VideoEdit;
		};
		138EBAE52CAAE4AC00D1821F /* PBXContainerItemProxy */ = {
			isa = PBXContainerItemProxy;
			containerPortal = 138EBABC2CAAE4AB00D1821F /* Project object */;
			proxyType = 1;
			remoteGlobalIDString = 138EBAC32CAAE4AB00D1821F;
			remoteInfo = VideoEdit;
		};
/* End PBXContainerItemProxy section */

/* Begin PBXFileReference section */
		138EBAC42CAAE4AB00D1821F /* VideoEdit.app */ = {isa = PBXFileReference; explicitFileType = wrapper.application; includeInIndex = 0; path = VideoEdit.app; sourceTree = BUILT_PRODUCTS_DIR; };
		138EBAC72CAAE4AB00D1821F /* AppDelegate.swift */ = {isa = PBXFileReference; lastKnownFileType = sourcecode.swift; path = AppDelegate.swift; sourceTree = "<group>"; };
		138EBAC92CAAE4AB00D1821F /* SceneDelegate.swift */ = {isa = PBXFileReference; lastKnownFileType = sourcecode.swift; path = SceneDelegate.swift; sourceTree = "<group>"; };
		138EBACB2CAAE4AB00D1821F /* ViewController.swift */ = {isa = PBXFileReference; lastKnownFileType = sourcecode.swift; path = ViewController.swift; sourceTree = "<group>"; };
		138EBACE2CAAE4AB00D1821F /* Base */ = {isa = PBXFileReference; lastKnownFileType = file.storyboard; name = Base; path = Base.lproj/Main.storyboard; sourceTree = "<group>"; };
		138EBAD02CAAE4AC00D1821F /* Assets.xcassets */ = {isa = PBXFileReference; lastKnownFileType = folder.assetcatalog; path = Assets.xcassets; sourceTree = "<group>"; };
		138EBAD32CAAE4AC00D1821F /* Base */ = {isa = PBXFileReference; lastKnownFileType = file.storyboard; name = Base; path = Base.lproj/LaunchScreen.storyboard; sourceTree = "<group>"; };
		138EBAD52CAAE4AC00D1821F /* Info.plist */ = {isa = PBXFileReference; lastKnownFileType = text.plist.xml; path = Info.plist; sourceTree = "<group>"; };
		138EBADA2CAAE4AC00D1821F /* VideoEditTests.xctest */ = {isa = PBXFileReference; explicitFileType = wrapper.cfbundle; includeInIndex = 0; path = VideoEditTests.xctest; sourceTree = BUILT_PRODUCTS_DIR; };
		138EBADE2CAAE4AC00D1821F /* VideoEditTests.swift */ = {isa = PBXFileReference; lastKnownFileType = sourcecode.swift; path = VideoEditTests.swift; sourceTree = "<group>"; };
		138EBAE42CAAE4AC00D1821F /* VideoEditUITests.xctest */ = {isa = PBXFileReference; explicitFileType = wrapper.cfbundle; includeInIndex = 0; path = VideoEditUITests.xctest; sourceTree = BUILT_PRODUCTS_DIR; };
		138EBAE82CAAE4AC00D1821F /* VideoEditUITests.swift */ = {isa = PBXFileReference; lastKnownFileType = sourcecode.swift; path = VideoEditUITests.swift; sourceTree = "<group>"; };
		138EBAEA2CAAE4AC00D1821F /* VideoEditUITestsLaunchTests.swift */ = {isa = PBXFileReference; lastKnownFileType = sourcecode.swift; path = VideoEditUITestsLaunchTests.swift; sourceTree = "<group>"; };
		138EBAFA2CAC042700D1821F /* VideoCell.swift */ = {isa = PBXFileReference; lastKnownFileType = sourcecode.swift; path = VideoCell.swift; sourceTree = "<group>"; };
/* End PBXFileReference section */

/* Begin PBXFrameworksBuildPhase section */
		138EBAC12CAAE4AB00D1821F /* Frameworks */ = {
			isa = PBXFrameworksBuildPhase;
			buildActionMask = 2147483647;
			files = (
			);
			runOnlyForDeploymentPostprocessing = 0;
		};
		138EBAD72CAAE4AC00D1821F /* Frameworks */ = {
			isa = PBXFrameworksBuildPhase;
			buildActionMask = 2147483647;
			files = (
			);
			runOnlyForDeploymentPostprocessing = 0;
		};
		138EBAE12CAAE4AC00D1821F /* Frameworks */ = {
			isa = PBXFrameworksBuildPhase;
			buildActionMask = 2147483647;
			files = (
			);
			runOnlyForDeploymentPostprocessing = 0;
		};
/* End PBXFrameworksBuildPhase section */

/* Begin PBXGroup section */
		138EBABB2CAAE4AB00D1821F = {
			isa = PBXGroup;
			children = (
				138EBAC62CAAE4AB00D1821F /* VideoEdit */,
				138EBADD2CAAE4AC00D1821F /* VideoEditTests */,
				138EBAE72CAAE4AC00D1821F /* VideoEditUITests */,
				138EBAC52CAAE4AB00D1821F /* Products */,
			);
			sourceTree = "<group>";
		};
		138EBAC52CAAE4AB00D1821F /* Products */ = {
			isa = PBXGroup;
			children = (
				138EBAC42CAAE4AB00D1821F /* VideoEdit.app */,
				138EBADA2CAAE4AC00D1821F /* VideoEditTests.xctest */,
				138EBAE42CAAE4AC00D1821F /* VideoEditUITests.xctest */,
			);
			name = Products;
			sourceTree = "<group>";
		};
		138EBAC62CAAE4AB00D1821F /* VideoEdit */ = {
			isa = PBXGroup;
			children = (
				138EBAC72CAAE4AB00D1821F /* AppDelegate.swift */,
				138EBAC92CAAE4AB00D1821F /* SceneDelegate.swift */,
				138EBACB2CAAE4AB00D1821F /* ViewController.swift */,
				138EBAFA2CAC042700D1821F /* VideoCell.swift */,
				138EBAF72CAB82B600D1821F /* ViewControllers */,
				138EBACD2CAAE4AB00D1821F /* Main.storyboard */,
				138EBAD02CAAE4AC00D1821F /* Assets.xcassets */,
				138EBAD22CAAE4AC00D1821F /* LaunchScreen.storyboard */,
				138EBAD52CAAE4AC00D1821F /* Info.plist */,
			);
			path = VideoEdit;
			sourceTree = "<group>";
		};
		138EBADD2CAAE4AC00D1821F /* VideoEditTests */ = {
			isa = PBXGroup;
			children = (
				138EBADE2CAAE4AC00D1821F /* VideoEditTests.swift */,
			);
			path = VideoEditTests;
			sourceTree = "<group>";
		};
		138EBAE72CAAE4AC00D1821F /* VideoEditUITests */ = {
			isa = PBXGroup;
			children = (
				138EBAE82CAAE4AC00D1821F /* VideoEditUITests.swift */,
				138EBAEA2CAAE4AC00D1821F /* VideoEditUITestsLaunchTests.swift */,
			);
			path = VideoEditUITests;
			sourceTree = "<group>";
		};
		138EBAF72CAB82B600D1821F /* ViewControllers */ = {
			isa = PBXGroup;
			children = (
			);
			path = ViewControllers;
			sourceTree = "<group>";
		};
/* End PBXGroup section */

/* Begin PBXNativeTarget section */
		138EBAC32CAAE4AB00D1821F /* VideoEdit */ = {
			isa = PBXNativeTarget;
			buildConfigurationList = 138EBAEE2CAAE4AC00D1821F /* Build configuration list for PBXNativeTarget "VideoEdit" */;
			buildPhases = (
				138EBAC02CAAE4AB00D1821F /* Sources */,
				138EBAC12CAAE4AB00D1821F /* Frameworks */,
				138EBAC22CAAE4AB00D1821F /* Resources */,
			);
			buildRules = (
			);
			dependencies = (
			);
			name = VideoEdit;
			productName = VideoEdit;
			productReference = 138EBAC42CAAE4AB00D1821F /* VideoEdit.app */;
			productType = "com.apple.product-type.application";
		};
		138EBAD92CAAE4AC00D1821F /* VideoEditTests */ = {
			isa = PBXNativeTarget;
			buildConfigurationList = 138EBAF12CAAE4AC00D1821F /* Build configuration list for PBXNativeTarget "VideoEditTests" */;
			buildPhases = (
				138EBAD62CAAE4AC00D1821F /* Sources */,
				138EBAD72CAAE4AC00D1821F /* Frameworks */,
				138EBAD82CAAE4AC00D1821F /* Resources */,
			);
			buildRules = (
			);
			dependencies = (
				138EBADC2CAAE4AC00D1821F /* PBXTargetDependency */,
			);
			name = VideoEditTests;
			productName = VideoEditTests;
			productReference = 138EBADA2CAAE4AC00D1821F /* VideoEditTests.xctest */;
			productType = "com.apple.product-type.bundle.unit-test";
		};
		138EBAE32CAAE4AC00D1821F /* VideoEditUITests */ = {
			isa = PBXNativeTarget;
			buildConfigurationList = 138EBAF42CAAE4AC00D1821F /* Build configuration list for PBXNativeTarget "VideoEditUITests" */;
			buildPhases = (
				138EBAE02CAAE4AC00D1821F /* Sources */,
				138EBAE12CAAE4AC00D1821F /* Frameworks */,
				138EBAE22CAAE4AC00D1821F /* Resources */,
			);
			buildRules = (
			);
			dependencies = (
				138EBAE62CAAE4AC00D1821F /* PBXTargetDependency */,
			);
			name = VideoEditUITests;
			productName = VideoEditUITests;
			productReference = 138EBAE42CAAE4AC00D1821F /* VideoEditUITests.xctest */;
			productType = "com.apple.product-type.bundle.ui-testing";
		};
/* End PBXNativeTarget section */

/* Begin PBXProject section */
		138EBABC2CAAE4AB00D1821F /* Project object */ = {
			isa = PBXProject;
			attributes = {
				BuildIndependentTargetsInParallel = 1;
				LastSwiftUpdateCheck = 1510;
				LastUpgradeCheck = 1510;
				TargetAttributes = {
					138EBAC32CAAE4AB00D1821F = {
						CreatedOnToolsVersion = 15.1;
					};
					138EBAD92CAAE4AC00D1821F = {
						CreatedOnToolsVersion = 15.1;
						TestTargetID = 138EBAC32CAAE4AB00D1821F;
					};
					138EBAE32CAAE4AC00D1821F = {
						CreatedOnToolsVersion = 15.1;
						TestTargetID = 138EBAC32CAAE4AB00D1821F;
					};
				};
			};
			buildConfigurationList = 138EBABF2CAAE4AB00D1821F /* Build configuration list for PBXProject "VideoEdit" */;
			compatibilityVersion = "Xcode 14.0";
			developmentRegion = en;
			hasScannedForEncodings = 0;
			knownRegions = (
				en,
				Base,
			);
			mainGroup = 138EBABB2CAAE4AB00D1821F;
			productRefGroup = 138EBAC52CAAE4AB00D1821F /* Products */;
			projectDirPath = "";
			projectRoot = "";
			targets = (
				138EBAC32CAAE4AB00D1821F /* VideoEdit */,
				138EBAD92CAAE4AC00D1821F /* VideoEditTests */,
				138EBAE32CAAE4AC00D1821F /* VideoEditUITests */,
			);
		};
/* End PBXProject section */

/* Begin PBXResourcesBuildPhase section */
		138EBAC22CAAE4AB00D1821F /* Resources */ = {
			isa = PBXResourcesBuildPhase;
			buildActionMask = 2147483647;
			files = (
				138EBAD42CAAE4AC00D1821F /* LaunchScreen.storyboard in Resources */,
				138EBAD12CAAE4AC00D1821F /* Assets.xcassets in Resources */,
				138EBACF2CAAE4AB00D1821F /* Main.storyboard in Resources */,
			);
			runOnlyForDeploymentPostprocessing = 0;
		};
		138EBAD82CAAE4AC00D1821F /* Resources */ = {
			isa = PBXResourcesBuildPhase;
			buildActionMask = 2147483647;
			files = (
			);
			runOnlyForDeploymentPostprocessing = 0;
		};
		138EBAE22CAAE4AC00D1821F /* Resources */ = {
			isa = PBXResourcesBuildPhase;
			buildActionMask = 2147483647;
			files = (
			);
			runOnlyForDeploymentPostprocessing = 0;
		};
/* End PBXResourcesBuildPhase section */

/* Begin PBXSourcesBuildPhase section */
		138EBAC02CAAE4AB00D1821F /* Sources */ = {
			isa = PBXSourcesBuildPhase;
			buildActionMask = 2147483647;
			files = (
				138EBACC2CAAE4AB00D1821F /* ViewController.swift in Sources */,
				138EBAFB2CAC042700D1821F /* VideoCell.swift in Sources */,
				138EBAC82CAAE4AB00D1821F /* AppDelegate.swift in Sources */,
				138EBACA2CAAE4AB00D1821F /* SceneDelegate.swift in Sources */,
			);
			runOnlyForDeploymentPostprocessing = 0;
		};
		138EBAD62CAAE4AC00D1821F /* Sources */ = {
			isa = PBXSourcesBuildPhase;
			buildActionMask = 2147483647;
			files = (
				138EBADF2CAAE4AC00D1821F /* VideoEditTests.swift in Sources */,
			);
			runOnlyForDeploymentPostprocessing = 0;
		};
		138EBAE02CAAE4AC00D1821F /* Sources */ = {
			isa = PBXSourcesBuildPhase;
			buildActionMask = 2147483647;
			files = (
				138EBAEB2CAAE4AC00D1821F /* VideoEditUITestsLaunchTests.swift in Sources */,
				138EBAE92CAAE4AC00D1821F /* VideoEditUITests.swift in Sources */,
			);
			runOnlyForDeploymentPostprocessing = 0;
		};
/* End PBXSourcesBuildPhase section */

/* Begin PBXTargetDependency section */
		138EBADC2CAAE4AC00D1821F /* PBXTargetDependency */ = {
			isa = PBXTargetDependency;
			target = 138EBAC32CAAE4AB00D1821F /* VideoEdit */;
			targetProxy = 138EBADB2CAAE4AC00D1821F /* PBXContainerItemProxy */;
		};
		138EBAE62CAAE4AC00D1821F /* PBXTargetDependency */ = {
			isa = PBXTargetDependency;
			target = 138EBAC32CAAE4AB00D1821F /* VideoEdit */;
			targetProxy = 138EBAE52CAAE4AC00D1821F /* PBXContainerItemProxy */;
		};
/* End PBXTargetDependency section */

/* Begin PBXVariantGroup section */
		138EBACD2CAAE4AB00D1821F /* Main.storyboard */ = {
			isa = PBXVariantGroup;
			children = (
				138EBACE2CAAE4AB00D1821F /* Base */,
			);
			name = Main.storyboard;
			sourceTree = "<group>";
		};
		138EBAD22CAAE4AC00D1821F /* LaunchScreen.storyboard */ = {
			isa = PBXVariantGroup;
			children = (
				138EBAD32CAAE4AC00D1821F /* Base */,
			);
			name = LaunchScreen.storyboard;
			sourceTree = "<group>";
		};
/* End PBXVariantGroup section */

/* Begin XCBuildConfiguration section */
		138EBAEC2CAAE4AC00D1821F /* Debug */ = {
			isa = XCBuildConfiguration;
			buildSettings = {
				ALWAYS_SEARCH_USER_PATHS = NO;
				ASSETCATALOG_COMPILER_GENERATE_SWIFT_ASSET_SYMBOL_EXTENSIONS = YES;
				CLANG_ANALYZER_NONNULL = YES;
				CLANG_ANALYZER_NUMBER_OBJECT_CONVERSION = YES_AGGRESSIVE;
				CLANG_CXX_LANGUAGE_STANDARD = "gnu++20";
				CLANG_ENABLE_MODULES = YES;
				CLANG_ENABLE_OBJC_ARC = YES;
				CLANG_ENABLE_OBJC_WEAK = YES;
				CLANG_WARN_BLOCK_CAPTURE_AUTORELEASING = YES;
				CLANG_WARN_BOOL_CONVERSION = YES;
				CLANG_WARN_COMMA = YES;
				CLANG_WARN_CONSTANT_CONVERSION = YES;
				CLANG_WARN_DEPRECATED_OBJC_IMPLEMENTATIONS = YES;
				CLANG_WARN_DIRECT_OBJC_ISA_USAGE = YES_ERROR;
				CLANG_WARN_DOCUMENTATION_COMMENTS = YES;
				CLANG_WARN_EMPTY_BODY = YES;
				CLANG_WARN_ENUM_CONVERSION = YES;
				CLANG_WARN_INFINITE_RECURSION = YES;
				CLANG_WARN_INT_CONVERSION = YES;
				CLANG_WARN_NON_LITERAL_NULL_CONVERSION = YES;
				CLANG_WARN_OBJC_IMPLICIT_RETAIN_SELF = YES;
				CLANG_WARN_OBJC_LITERAL_CONVERSION = YES;
				CLANG_WARN_OBJC_ROOT_CLASS = YES_ERROR;
				CLANG_WARN_QUOTED_INCLUDE_IN_FRAMEWORK_HEADER = YES;
				CLANG_WARN_RANGE_LOOP_ANALYSIS = YES;
				CLANG_WARN_STRICT_PROTOTYPES = YES;
				CLANG_WARN_SUSPICIOUS_MOVE = YES;
				CLANG_WARN_UNGUARDED_AVAILABILITY = YES_AGGRESSIVE;
				CLANG_WARN_UNREACHABLE_CODE = YES;
				CLANG_WARN__DUPLICATE_METHOD_MATCH = YES;
				COPY_PHASE_STRIP = NO;
				DEBUG_INFORMATION_FORMAT = dwarf;
				ENABLE_STRICT_OBJC_MSGSEND = YES;
				ENABLE_TESTABILITY = YES;
				ENABLE_USER_SCRIPT_SANDBOXING = YES;
				GCC_C_LANGUAGE_STANDARD = gnu17;
				GCC_DYNAMIC_NO_PIC = NO;
				GCC_NO_COMMON_BLOCKS = YES;
				GCC_OPTIMIZATION_LEVEL = 0;
				GCC_PREPROCESSOR_DEFINITIONS = (
					"DEBUG=1",
					"$(inherited)",
				);
				GCC_WARN_64_TO_32_BIT_CONVERSION = YES;
				GCC_WARN_ABOUT_RETURN_TYPE = YES_ERROR;
				GCC_WARN_UNDECLARED_SELECTOR = YES;
				GCC_WARN_UNINITIALIZED_AUTOS = YES_AGGRESSIVE;
				GCC_WARN_UNUSED_FUNCTION = YES;
				GCC_WARN_UNUSED_VARIABLE = YES;
				IPHONEOS_DEPLOYMENT_TARGET = 17.0;
				LOCALIZATION_PREFERS_STRING_CATALOGS = YES;
				MTL_ENABLE_DEBUG_INFO = INCLUDE_SOURCE;
				MTL_FAST_MATH = YES;
				ONLY_ACTIVE_ARCH = YES;
				SDKROOT = iphoneos;
				SWIFT_ACTIVE_COMPILATION_CONDITIONS = "DEBUG $(inherited)";
				SWIFT_OPTIMIZATION_LEVEL = "-Onone";
			};
			name = Debug;
		};
		138EBAED2CAAE4AC00D1821F /* Release */ = {
			isa = XCBuildConfiguration;
			buildSettings = {
				ALWAYS_SEARCH_USER_PATHS = NO;
				ASSETCATALOG_COMPILER_GENERATE_SWIFT_ASSET_SYMBOL_EXTENSIONS = YES;
				CLANG_ANALYZER_NONNULL = YES;
				CLANG_ANALYZER_NUMBER_OBJECT_CONVERSION = YES_AGGRESSIVE;
				CLANG_CXX_LANGUAGE_STANDARD = "gnu++20";
				CLANG_ENABLE_MODULES = YES;
				CLANG_ENABLE_OBJC_ARC = YES;
				CLANG_ENABLE_OBJC_WEAK = YES;
				CLANG_WARN_BLOCK_CAPTURE_AUTORELEASING = YES;
				CLANG_WARN_BOOL_CONVERSION = YES;
				CLANG_WARN_COMMA = YES;
				CLANG_WARN_CONSTANT_CONVERSION = YES;
				CLANG_WARN_DEPRECATED_OBJC_IMPLEMENTATIONS = YES;
				CLANG_WARN_DIRECT_OBJC_ISA_USAGE = YES_ERROR;
				CLANG_WARN_DOCUMENTATION_COMMENTS = YES;
				CLANG_WARN_EMPTY_BODY = YES;
				CLANG_WARN_ENUM_CONVERSION = YES;
				CLANG_WARN_INFINITE_RECURSION = YES;
				CLANG_WARN_INT_CONVERSION = YES;
				CLANG_WARN_NON_LITERAL_NULL_CONVERSION = YES;
				CLANG_WARN_OBJC_IMPLICIT_RETAIN_SELF = YES;
				CLANG_WARN_OBJC_LITERAL_CONVERSION = YES;
				CLANG_WARN_OBJC_ROOT_CLASS = YES_ERROR;
				CLANG_WARN_QUOTED_INCLUDE_IN_FRAMEWORK_HEADER = YES;
				CLANG_WARN_RANGE_LOOP_ANALYSIS = YES;
				CLANG_WARN_STRICT_PROTOTYPES = YES;
				CLANG_WARN_SUSPICIOUS_MOVE = YES;
				CLANG_WARN_UNGUARDED_AVAILABILITY = YES_AGGRESSIVE;
				CLANG_WARN_UNREACHABLE_CODE = YES;
				CLANG_WARN__DUPLICATE_METHOD_MATCH = YES;
				COPY_PHASE_STRIP = NO;
				DEBUG_INFORMATION_FORMAT = "dwarf-with-dsym";
				ENABLE_NS_ASSERTIONS = NO;
				ENABLE_STRICT_OBJC_MSGSEND = YES;
				ENABLE_USER_SCRIPT_SANDBOXING = YES;
				GCC_C_LANGUAGE_STANDARD = gnu17;
				GCC_NO_COMMON_BLOCKS = YES;
				GCC_WARN_64_TO_32_BIT_CONVERSION = YES;
				GCC_WARN_ABOUT_RETURN_TYPE = YES_ERROR;
				GCC_WARN_UNDECLARED_SELECTOR = YES;
				GCC_WARN_UNINITIALIZED_AUTOS = YES_AGGRESSIVE;
				GCC_WARN_UNUSED_FUNCTION = YES;
				GCC_WARN_UNUSED_VARIABLE = YES;
				IPHONEOS_DEPLOYMENT_TARGET = 17.0;
				LOCALIZATION_PREFERS_STRING_CATALOGS = YES;
				MTL_ENABLE_DEBUG_INFO = NO;
				MTL_FAST_MATH = YES;
				SDKROOT = iphoneos;
				SWIFT_COMPILATION_MODE = wholemodule;
				VALIDATE_PRODUCT = YES;
			};
			name = Release;
		};
		138EBAEF2CAAE4AC00D1821F /* Debug */ = {
			isa = XCBuildConfiguration;
			buildSettings = {
				ASSETCATALOG_COMPILER_APPICON_NAME = AppIcon;
				ASSETCATALOG_COMPILER_GLOBAL_ACCENT_COLOR_NAME = AccentColor;
				CODE_SIGN_STYLE = Automatic;
				CURRENT_PROJECT_VERSION = 1;
				DEVELOPMENT_TEAM = Z9233Z6KZ4;
				GENERATE_INFOPLIST_FILE = YES;
				INFOPLIST_FILE = VideoEdit/Info.plist;
				INFOPLIST_KEY_UIApplicationSupportsIndirectInputEvents = YES;
				INFOPLIST_KEY_UILaunchStoryboardName = LaunchScreen;
				INFOPLIST_KEY_UIMainStoryboardFile = Main;
				INFOPLIST_KEY_UISupportedInterfaceOrientations_iPad = "UIInterfaceOrientationPortrait UIInterfaceOrientationPortraitUpsideDown UIInterfaceOrientationLandscapeLeft UIInterfaceOrientationLandscapeRight";
				INFOPLIST_KEY_UISupportedInterfaceOrientations_iPhone = "UIInterfaceOrientationPortrait UIInterfaceOrientationLandscapeLeft UIInterfaceOrientationLandscapeRight";
				IPHONEOS_DEPLOYMENT_TARGET = 17.0;
				LD_RUNPATH_SEARCH_PATHS = (
					"$(inherited)",
					"@executable_path/Frameworks",
				);
				MARKETING_VERSION = 1.0;
				PRODUCT_BUNDLE_IDENTIFIER = com.hebaek.VideoEdit;
				PRODUCT_NAME = "$(TARGET_NAME)";
				SWIFT_EMIT_LOC_STRINGS = YES;
				SWIFT_VERSION = 5.0;
				TARGETED_DEVICE_FAMILY = "1,2";
			};
			name = Debug;
		};
		138EBAF02CAAE4AC00D1821F /* Release */ = {
			isa = XCBuildConfiguration;
			buildSettings = {
				ASSETCATALOG_COMPILER_APPICON_NAME = AppIcon;
				ASSETCATALOG_COMPILER_GLOBAL_ACCENT_COLOR_NAME = AccentColor;
				CODE_SIGN_STYLE = Automatic;
				CURRENT_PROJECT_VERSION = 1;
				DEVELOPMENT_TEAM = Z9233Z6KZ4;
				GENERATE_INFOPLIST_FILE = YES;
				INFOPLIST_FILE = VideoEdit/Info.plist;
				INFOPLIST_KEY_UIApplicationSupportsIndirectInputEvents = YES;
				INFOPLIST_KEY_UILaunchStoryboardName = LaunchScreen;
				INFOPLIST_KEY_UIMainStoryboardFile = Main;
				INFOPLIST_KEY_UISupportedInterfaceOrientations_iPad = "UIInterfaceOrientationPortrait UIInterfaceOrientationPortraitUpsideDown UIInterfaceOrientationLandscapeLeft UIInterfaceOrientationLandscapeRight";
				INFOPLIST_KEY_UISupportedInterfaceOrientations_iPhone = "UIInterfaceOrientationPortrait UIInterfaceOrientationLandscapeLeft UIInterfaceOrientationLandscapeRight";
				IPHONEOS_DEPLOYMENT_TARGET = 17.0;
				LD_RUNPATH_SEARCH_PATHS = (
					"$(inherited)",
					"@executable_path/Frameworks",
				);
				MARKETING_VERSION = 1.0;
				PRODUCT_BUNDLE_IDENTIFIER = com.hebaek.VideoEdit;
				PRODUCT_NAME = "$(TARGET_NAME)";
				SWIFT_EMIT_LOC_STRINGS = YES;
				SWIFT_VERSION = 5.0;
				TARGETED_DEVICE_FAMILY = "1,2";
			};
			name = Release;
		};
		138EBAF22CAAE4AC00D1821F /* Debug */ = {
			isa = XCBuildConfiguration;
			buildSettings = {
				ALWAYS_EMBED_SWIFT_STANDARD_LIBRARIES = YES;
				BUNDLE_LOADER = "$(TEST_HOST)";
				CODE_SIGN_STYLE = Automatic;
				CURRENT_PROJECT_VERSION = 1;
				DEVELOPMENT_TEAM = Z9233Z6KZ4;
				GENERATE_INFOPLIST_FILE = YES;
				IPHONEOS_DEPLOYMENT_TARGET = 17.2;
				MARKETING_VERSION = 1.0;
				PRODUCT_BUNDLE_IDENTIFIER = com.hebaek.VideoEditTests;
				PRODUCT_NAME = "$(TARGET_NAME)";
				SWIFT_EMIT_LOC_STRINGS = NO;
				SWIFT_VERSION = 5.0;
				TARGETED_DEVICE_FAMILY = "1,2";
				TEST_HOST = "$(BUILT_PRODUCTS_DIR)/VideoEdit.app/$(BUNDLE_EXECUTABLE_FOLDER_PATH)/VideoEdit";
			};
			name = Debug;
		};
		138EBAF32CAAE4AC00D1821F /* Release */ = {
			isa = XCBuildConfiguration;
			buildSettings = {
				ALWAYS_EMBED_SWIFT_STANDARD_LIBRARIES = YES;
				BUNDLE_LOADER = "$(TEST_HOST)";
				CODE_SIGN_STYLE = Automatic;
				CURRENT_PROJECT_VERSION = 1;
				DEVELOPMENT_TEAM = Z9233Z6KZ4;
				GENERATE_INFOPLIST_FILE = YES;
				IPHONEOS_DEPLOYMENT_TARGET = 17.2;
				MARKETING_VERSION = 1.0;
				PRODUCT_BUNDLE_IDENTIFIER = com.hebaek.VideoEditTests;
				PRODUCT_NAME = "$(TARGET_NAME)";
				SWIFT_EMIT_LOC_STRINGS = NO;
				SWIFT_VERSION = 5.0;
				TARGETED_DEVICE_FAMILY = "1,2";
				TEST_HOST = "$(BUILT_PRODUCTS_DIR)/VideoEdit.app/$(BUNDLE_EXECUTABLE_FOLDER_PATH)/VideoEdit";
			};
			name = Release;
		};
		138EBAF52CAAE4AC00D1821F /* Debug */ = {
			isa = XCBuildConfiguration;
			buildSettings = {
				ALWAYS_EMBED_SWIFT_STANDARD_LIBRARIES = YES;
				CODE_SIGN_STYLE = Automatic;
				CURRENT_PROJECT_VERSION = 1;
				DEVELOPMENT_TEAM = Z9233Z6KZ4;
				GENERATE_INFOPLIST_FILE = YES;
				MARKETING_VERSION = 1.0;
				PRODUCT_BUNDLE_IDENTIFIER = com.hebaek.VideoEditUITests;
				PRODUCT_NAME = "$(TARGET_NAME)";
				SWIFT_EMIT_LOC_STRINGS = NO;
				SWIFT_VERSION = 5.0;
				TARGETED_DEVICE_FAMILY = "1,2";
				TEST_TARGET_NAME = VideoEdit;
			};
			name = Debug;
		};
		138EBAF62CAAE4AC00D1821F /* Release */ = {
			isa = XCBuildConfiguration;
			buildSettings = {
				ALWAYS_EMBED_SWIFT_STANDARD_LIBRARIES = YES;
				CODE_SIGN_STYLE = Automatic;
				CURRENT_PROJECT_VERSION = 1;
				DEVELOPMENT_TEAM = Z9233Z6KZ4;
				GENERATE_INFOPLIST_FILE = YES;
				MARKETING_VERSION = 1.0;
				PRODUCT_BUNDLE_IDENTIFIER = com.hebaek.VideoEditUITests;
				PRODUCT_NAME = "$(TARGET_NAME)";
				SWIFT_EMIT_LOC_STRINGS = NO;
				SWIFT_VERSION = 5.0;
				TARGETED_DEVICE_FAMILY = "1,2";
				TEST_TARGET_NAME = VideoEdit;
			};
			name = Release;
		};
/* End XCBuildConfiguration section */

/* Begin XCConfigurationList section */
		138EBABF2CAAE4AB00D1821F /* Build configuration list for PBXProject "VideoEdit" */ = {
			isa = XCConfigurationList;
			buildConfigurations = (
				138EBAEC2CAAE4AC00D1821F /* Debug */,
				138EBAED2CAAE4AC00D1821F /* Release */,
			);
			defaultConfigurationIsVisible = 0;
			defaultConfigurationName = Release;
		};
		138EBAEE2CAAE4AC00D1821F /* Build configuration list for PBXNativeTarget "VideoEdit" */ = {
			isa = XCConfigurationList;
			buildConfigurations = (
				138EBAEF2CAAE4AC00D1821F /* Debug */,
				138EBAF02CAAE4AC00D1821F /* Release */,
			);
			defaultConfigurationIsVisible = 0;
			defaultConfigurationName = Release;
		};
		138EBAF12CAAE4AC00D1821F /* Build configuration list for PBXNativeTarget "VideoEditTests" */ = {
			isa = XCConfigurationList;
			buildConfigurations = (
				138EBAF22CAAE4AC00D1821F /* Debug */,
				138EBAF32CAAE4AC00D1821F /* Release */,
			);
			defaultConfigurationIsVisible = 0;
			defaultConfigurationName = Release;
		};
		138EBAF42CAAE4AC00D1821F /* Build configuration list for PBXNativeTarget "VideoEditUITests" */ = {
			isa = XCConfigurationList;
			buildConfigurations = (
				138EBAF52CAAE4AC00D1821F /* Debug */,
				138EBAF62CAAE4AC00D1821F /* Release */,
			);
			defaultConfigurationIsVisible = 0;
			defaultConfigurationName = Release;
		};
/* End XCConfigurationList section */
	};
	rootObject = 138EBABC2CAAE4AB00D1821F /* Project object */;
}
